
Microsoft Visual Studio Solution File, Format Version 12.00
# Visual Studio Version 17
VisualStudioVersion = 17.3.32505.426
MinimumVisualStudioVersion = 10.0.40219.1
Project("{9A19103F-16F7-4668-BE54-9A1E7A4F7556}") = "e01.basicStackOperations", "e01.basicStackOperations\e01.basicStackOperations.csproj", "{170BD644-D103-46B2-BD03-17FA3F5CF738}"
EndProject
Project("{9A19103F-16F7-4668-BE54-9A1E7A4F7556}") = "e02.basicQueueOperations", "e02.basicQueueOperations\e02.basicQueueOperations.csproj", "{835967F7-07BD-4741-9588-29D065F1A572}"
EndProject
Project("{9A19103F-16F7-4668-BE54-9A1E7A4F7556}") = "e03maximumAndMinimumElement", "e03maximumAndMinimumElement\e03maximumAndMinimumElement.csproj", "{8398ADB5-AF3B-464E-96B1-A46CB5064BD5}"
EndProject
Project("{FAE04EC0-301F-11D3-BF4B-00C04F79EFBC}") = "e04.fastFood", "e04.fastFood\e04.fastFood.csproj", "{417DAA54-8EFE-43A4-8322-0CAEE3CDCEB4}"
EndProject
Global
	GlobalSection(SolutionConfigurationPlatforms) = preSolution
		Debug|Any CPU = Debug|Any CPU
		Release|Any CPU = Release|Any CPU
	EndGlobalSection
	GlobalSection(ProjectConfigurationPlatforms) = postSolution
		{170BD644-D103-46B2-BD03-17FA3F5CF738}.Debug|Any CPU.ActiveCfg = Debug|Any CPU
		{170BD644-D103-46B2-BD03-17FA3F5CF738}.Debug|Any CPU.Build.0 = Debug|Any CPU
		{170BD644-D103-46B2-BD03-17FA3F5CF738}.Release|Any CPU.ActiveCfg = Release|Any CPU
		{170BD644-D103-46B2-BD03-17FA3F5CF738}.Release|Any CPU.Build.0 = Release|Any CPU
		{835967F7-07BD-4741-9588-29D065F1A572}.Debug|Any CPU.ActiveCfg = Debug|Any CPU
		{835967F7-07BD-4741-9588-29D065F1A572}.Debug|Any CPU.Build.0 = Debug|Any CPU
		{835967F7-07BD-4741-9588-29D065F1A572}.Release|Any CPU.ActiveCfg = Release|Any CPU
		{835967F7-07BD-4741-9588-29D065F1A572}.Release|Any CPU.Build.0 = Release|Any CPU
		{8398ADB5-AF3B-464E-96B1-A46CB5064BD5}.Debug|Any CPU.ActiveCfg = Debug|Any CPU
		{8398ADB5-AF3B-464E-96B1-A46CB5064BD5}.Debug|Any CPU.Build.0 = Debug|Any CPU
		{8398ADB5-AF3B-464E-96B1-A46CB5064BD5}.Release|Any CPU.ActiveCfg = Release|Any CPU
		{8398ADB5-AF3B-464E-96B1-A46CB5064BD5}.Release|Any CPU.Build.0 = Release|Any CPU
		{417DAA54-8EFE-43A4-8322-0CAEE3CDCEB4}.Debug|Any CPU.ActiveCfg = Debug|Any CPU
		{417DAA54-8EFE-43A4-8322-0CAEE3CDCEB4}.Debug|Any CPU.Build.0 = Debug|Any CPU
		{417DAA54-8EFE-43A4-8322-0CAEE3CDCEB4}.Release|Any CPU.ActiveCfg = Release|Any CPU
		{417DAA54-8EFE-43A4-8322-0CAEE3CDCEB4}.Release|Any CPU.Build.0 = Release|Any CPU
	EndGlobalSection
	GlobalSection(SolutionProperties) = preSolution
		HideSolutionNode = FALSE
	EndGlobalSection
	GlobalSection(ExtensibilityGlobals) = postSolution
		SolutionGuid = {DB7F9830-E7E8-4064-9237-4A73297785D4}
	EndGlobalSection
EndGlobal
